<?xml version="1.0" encoding="utf-8"?>
<Project ToolsVersion="4.0" xmlns="http://schemas.microsoft.com/developer/msbuild/2003">
  <ItemGroup>
    <Filter Include="include">
      <UniqueIdentifier>{df644262-f578-4952-a6b0-a2b75ad21e44}</UniqueIdentifier>
    </Filter>
    <Filter Include="source">
      <UniqueIdentifier>{349cdf46-1f63-4741-9481-73e48c7c3295}</UniqueIdentifier>
    </Filter>
    <Filter Include="thirdparty">
      <UniqueIdentifier>{257c03c2-1307-4c5e-8d81-f954ee95c54b}</UniqueIdentifier>
    </Filter>
    <Filter Include="thirdparty\DirectXMesh">
      <UniqueIdentifier>{61f2fadd-15aa-4d7a-9481-6430dd1096c3}</UniqueIdentifier>
    </Filter>
    <Filter Include="thirdparty\DirectXMesh\DirectXmesh">
      <UniqueIdentifier>{487ec675-16b5-4061-a69f-f840f15a4afd}</UniqueIdentifier>
    </Filter>
  </ItemGroup>
  <ItemGroup>
    <ClInclude Include="..\include\import_asset_input_stream.h">
      <Filter>include</Filter>
    </ClInclude>
    <ClInclude Include="..\include\import_image_asset.h">
      <Filter>include</Filter>
    </ClInclude>
    <ClInclude Include="..\include\import_scene_asset.h">
      <Filter>include</Filter>
    </ClInclude>
    <ClInclude Include="..\source\import_asset_file_input_stream.h">
      <Filter>source</Filter>
    </ClInclude>
    <ClInclude Include="..\source\import_asset_memory_input_stream.h">
      <Filter>source</Filter>
    </ClInclude>
    <ClInclude Include="..\thirdparty\DirectXMesh\DirectXMesh\DirectXMesh.h">
      <Filter>thirdparty\DirectXMesh\DirectXmesh</Filter>
    </ClInclude>
    <ClInclude Include="..\thirdparty\DirectXMesh\DirectXMesh\scoped.h">
      <Filter>thirdparty\DirectXMesh\DirectXmesh</Filter>
    </ClInclude>
    <ClInclude Include="..\source\internal_import_png_image.h">
      <Filter>source</Filter>
    </ClInclude>
    <ClInclude Include="..\source\internal_import_jpeg_image.h">
      <Filter>source</Filter>
    </ClInclude>
    <ClInclude Include="..\source\internal_import_image.h">
      <Filter>source</Filter>
    </ClInclude>
    <ClInclude Include="..\source\internal_import_image_config.h">
      <Filter>source</Filter>
    </ClInclude>
    <ClInclude Include="..\source\internal_import_webp_image.h">
      <Filter>source</Filter>
    </ClInclude>
  </ItemGroup>
  <ItemGroup>
    <ClCompile Include="..\source\import_asset_file_input_stream.cpp">
      <Filter>source</Filter>
    </ClCompile>
    <ClCompile Include="..\source\import_asset_memory_input_stream.cpp">
      <Filter>source</Filter>
    </ClCompile>
    <ClCompile Include="..\source\import_dds_image_asset.cpp">
      <Filter>source</Filter>
    </ClCompile>
    <ClCompile Include="..\source\import_gltf_scene_asset.cpp">
      <Filter>source</Filter>
    </ClCompile>
    <ClCompile Include="..\source\import_gltf_scene_asset_cgltf.cpp">
      <Filter>source</Filter>
    </ClCompile>
    <ClCompile Include="..\source\import_pvr_image_asset.cpp">
      <Filter>source</Filter>
    </ClCompile>
    <ClCompile Include="..\thirdparty\DirectXMesh\DirectXMesh\DirectXMeshNormals.cpp">
      <Filter>thirdparty\DirectXMesh\DirectXmesh</Filter>
    </ClCompile>
    <ClCompile Include="..\thirdparty\DirectXMesh\DirectXMesh\DirectXMeshTangentFrame.cpp">
      <Filter>thirdparty\DirectXMesh\DirectXmesh</Filter>
    </ClCompile>
    <ClCompile Include="..\source\internal_import_png_image.cpp">
      <Filter>source</Filter>
    </ClCompile>
    <ClCompile Include="..\source\internal_import_jpeg_image.cpp">
      <Filter>source</Filter>
    </ClCompile>
    <ClCompile Include="..\source\internal_import_image.cpp">
      <Filter>source</Filter>
    </ClCompile>
    <ClCompile Include="..\source\internal_import_webp_image.cpp">
      <Filter>source</Filter>
    </ClCompile>
  </ItemGroup>
</Project>